// !$*UTF8*$!
{
	archiveVersion = 1;
	classes = {
	};
	objectVersion = 56;
	objects = {

/* Begin PBXBuildFile section */
		0C80B921A6F3F58F76C31292 /* libPods-IQRA2.a in Frameworks */ = {isa = PBXBuildFile; fileRef = 5DCACB8F33CDC322A6C60F78 /* libPods-IQRA2.a */; };
		13B07FBF1A68108700A75B9A /* Images.xcassets in Resources */ = {isa = PBXBuildFile; fileRef = 13B07FB51A68108700A75B9A /* Images.xcassets */; };
		23AD0F3B98084826AD3818C9 /* Montserrat-Bold.ttf in Resources */ = {isa = PBXBuildFile; fileRef = 497E90635E1D4D63B9C1FBF7 /* Montserrat-Bold.ttf */; };
		5E3C4B353CF9D22E37D6CED0 /* PrivacyInfo.xcprivacy in Resources */ = {isa = PBXBuildFile; fileRef = 13B07FB81A68108700A75B9A /* PrivacyInfo.xcprivacy */; };
		761780ED2CA45674006654EE /* AppDelegate.swift in Sources */ = {isa = PBXBuildFile; fileRef = 761780EC2CA45674006654EE /* AppDelegate.swift */; };
		78FF702459244C3D998A120C /* UthmanTN_v2-0.ttf in Resources */ = {isa = PBXBuildFile; fileRef = E36218C1AA38425399953908 /* UthmanTN_v2-0.ttf */; };
		796D9C8EB21E4BF7A76348E4 /* KSAHeavy.ttf in Resources */ = {isa = PBXBuildFile; fileRef = 52C00D17AFA24336AA59F63A /* KSAHeavy.ttf */; };
		81AB9BB82411601600AC10FF /* LaunchScreen.storyboard in Resources */ = {isa = PBXBuildFile; fileRef = 81AB9BB72411601600AC10FF /* LaunchScreen.storyboard */; };
		CE5CC92097EE4694873E4173 /* Montserrat-Regular.ttf in Resources */ = {isa = PBXBuildFile; fileRef = 2F04E8AC4AD243DA8DBD43E4 /* Montserrat-Regular.ttf */; };
		D040CBC6B347D9F9B9CEAE2D /* PrivacyInfo.xcprivacy in Resources */ = {isa = PBXBuildFile; fileRef = 13B07FB81A68108700A75B9A /* PrivacyInfo.xcprivacy */; };
		F0DFED04F3288FC18A971247 /* libPods-IQRA2.a in Frameworks */ = {isa = PBXBuildFile; fileRef = 811694F41412CDC2BAFE3A9F /* libPods-IQRA2.a */; };
		FD63C71DC90A4122A602EDE4 /* UthmanTNB_v2-0.ttf in Resources */ = {isa = PBXBuildFile; fileRef = 78C94F5480BF404C80F4F382 /* UthmanTNB_v2-0.ttf */; };
		FE6998932E3E90710066DE56 /* AudioRecorderModule.m in Sources */ = {isa = PBXBuildFile; fileRef = FE6998912E3E90710066DE56 /* AudioRecorderModule.m */; };
		FE6998942E3E90710066DE56 /* AudioRecorderModule.swift in Sources */ = {isa = PBXBuildFile; fileRef = FE6998922E3E90710066DE56 /* AudioRecorderModule.swift */; };
		FE894A2C2E242CF00054180C /* 001001.mp3 in Resources */ = {isa = PBXBuildFile; fileRef = FATIHA_001 /* 001001.mp3 */; };
		FE894A2D2E242CF00054180C /* 001002.mp3 in Resources */ = {isa = PBXBuildFile; fileRef = FATIHA_002 /* 001002.mp3 */; };
		FE894A2E2E242CF00054180C /* 001003.mp3 in Resources */ = {isa = PBXBuildFile; fileRef = FATIHA_003 /* 001003.mp3 */; };
		FE894A2F2E242CF00054180C /* 001004.mp3 in Resources */ = {isa = PBXBuildFile; fileRef = FATIHA_004 /* 001004.mp3 */; };
		FE894A302E242CF00054180C /* 001005.mp3 in Resources */ = {isa = PBXBuildFile; fileRef = FATIHA_005 /* 001005.mp3 */; };
		FE894A312E242CF00054180C /* 001006.mp3 in Resources */ = {isa = PBXBuildFile; fileRef = FATIHA_006 /* 001006.mp3 */; };
		FE894A322E242CF00054180C /* 001007.mp3 in Resources */ = {isa = PBXBuildFile; fileRef = FATIHA_007 /* 001007.mp3 */; };
		FE9B98652E24C68A00CE6688 /* 067025.mp3 in Resources */ = {isa = PBXBuildFile; fileRef = FE9B98472E24C68600CE6688 /* 067025.mp3 */; };
		FE9B98662E24C68A00CE6688 /* 067017.mp3 in Resources */ = {isa = PBXBuildFile; fileRef = FE9B98482E24C68600CE6688 /* 067017.mp3 */; };
		FE9B98672E24C68A00CE6688 /* 067021.mp3 in Resources */ = {isa = PBXBuildFile; fileRef = FE9B98492E24C68600CE6688 /* 067021.mp3 */; };
		FE9B98682E24C68A00CE6688 /* 067024.mp3 in Resources */ = {isa = PBXBuildFile; fileRef = FE9B984A2E24C68600CE6688 /* 067024.mp3 */; };
		FE9B98692E24C68A00CE6688 /* 067029.mp3 in Resources */ = {isa = PBXBuildFile; fileRef = FE9B984B2E24C68600CE6688 /* 067029.mp3 */; };
		FE9B986A2E24C68A00CE6688 /* 067016.mp3 in Resources */ = {isa = PBXBuildFile; fileRef = FE9B984C2E24C68700CE6688 /* 067016.mp3 */; };
		FE9B986B2E24C68A00CE6688 /* 067014.mp3 in Resources */ = {isa = PBXBuildFile; fileRef = FE9B984D2E24C68700CE6688 /* 067014.mp3 */; };
		FE9B986C2E24C68A00CE6688 /* 067018.mp3 in Resources */ = {isa = PBXBuildFile; fileRef = FE9B984E2E24C68700CE6688 /* 067018.mp3 */; };
		FE9B986D2E24C68A00CE6688 /* 067004.mp3 in Resources */ = {isa = PBXBuildFile; fileRef = FE9B984F2E24C68700CE6688 /* 067004.mp3 */; };
		FE9B986E2E24C68A00CE6688 /* 067013.mp3 in Resources */ = {isa = PBXBuildFile; fileRef = FE9B98502E24C68700CE6688 /* 067013.mp3 */; };
		FE9B986F2E24C68A00CE6688 /* 067030.mp3 in Resources */ = {isa = PBXBuildFile; fileRef = FE9B98512E24C68700CE6688 /* 067030.mp3 */; };
		FE9B98702E24C68A00CE6688 /* 067022.mp3 in Resources */ = {isa = PBXBuildFile; fileRef = FE9B98522E24C68700CE6688 /* 067022.mp3 */; };
		FE9B98712E24C68A00CE6688 /* 067027.mp3 in Resources */ = {isa = PBXBuildFile; fileRef = FE9B98532E24C68700CE6688 /* 067027.mp3 */; };
		FE9B98722E24C68A00CE6688 /* 067006.mp3 in Resources */ = {isa = PBXBuildFile; fileRef = FE9B98542E24C68800CE6688 /* 067006.mp3 */; };
		FE9B98732E24C68A00CE6688 /* 067015.mp3 in Resources */ = {isa = PBXBuildFile; fileRef = FE9B98552E24C68800CE6688 /* 067015.mp3 */; };
		FE9B98742E24C68A00CE6688 /* 067019.mp3 in Resources */ = {isa = PBXBuildFile; fileRef = FE9B98562E24C68800CE6688 /* 067019.mp3 */; };
		FE9B98752E24C68A00CE6688 /* 067020.mp3 in Resources */ = {isa = PBXBuildFile; fileRef = FE9B98572E24C68800CE6688 /* 067020.mp3 */; };
		FE9B98762E24C68A00CE6688 /* 067003.mp3 in Resources */ = {isa = PBXBuildFile; fileRef = FE9B98582E24C68800CE6688 /* 067003.mp3 */; };
		FE9B98772E24C68A00CE6688 /* 067002.mp3 in Resources */ = {isa = PBXBuildFile; fileRef = FE9B98592E24C68800CE6688 /* 067002.mp3 */; };
		FE9B98782E24C68A00CE6688 /* 067012.mp3 in Resources */ = {isa = PBXBuildFile; fileRef = FE9B985A2E24C68800CE6688 /* 067012.mp3 */; };
		FE9B98792E24C68A00CE6688 /* 067011.mp3 in Resources */ = {isa = PBXBuildFile; fileRef = FE9B985B2E24C68800CE6688 /* 067011.mp3 */; };
		FE9B987A2E24C68A00CE6688 /* 067028.mp3 in Resources */ = {isa = PBXBuildFile; fileRef = FE9B985C2E24C68900CE6688 /* 067028.mp3 */; };
		FE9B987B2E24C68A00CE6688 /* 067005.mp3 in Resources */ = {isa = PBXBuildFile; fileRef = FE9B985D2E24C68900CE6688 /* 067005.mp3 */; };
		FE9B987C2E24C68A00CE6688 /* 067001.mp3 in Resources */ = {isa = PBXBuildFile; fileRef = FE9B985E2E24C68900CE6688 /* 067001.mp3 */; };
		FE9B987D2E24C68A00CE6688 /* 067010.mp3 in Resources */ = {isa = PBXBuildFile; fileRef = FE9B985F2E24C68900CE6688 /* 067010.mp3 */; };
		FE9B987E2E24C68A00CE6688 /* 067023.mp3 in Resources */ = {isa = PBXBuildFile; fileRef = FE9B98602E24C68900CE6688 /* 067023.mp3 */; };
		FE9B987F2E24C68A00CE6688 /* 067026.mp3 in Resources */ = {isa = PBXBuildFile; fileRef = FE9B98612E24C68900CE6688 /* 067026.mp3 */; };
		FE9B98802E24C68A00CE6688 /* 067007.mp3 in Resources */ = {isa = PBXBuildFile; fileRef = FE9B98622E24C68A00CE6688 /* 067007.mp3 */; };
		FE9B98812E24C68A00CE6688 /* 067008.mp3 in Resources */ = {isa = PBXBuildFile; fileRef = FE9B98632E24C68A00CE6688 /* 067008.mp3 */; };
		FE9B98822E24C68A00CE6688 /* 067009.mp3 in Resources */ = {isa = PBXBuildFile; fileRef = FE9B98642E24C68A00CE6688 /* 067009.mp3 */; };
/* End PBXBuildFile section */

/* Begin PBXContainerItemProxy section */
		FE4B9BA72E2F00830080B3DC /* PBXContainerItemProxy */ = {
			isa = PBXContainerItemProxy;
			containerPortal = 83CBB9F71A601CBA00E9B192 /* Project object */;
			proxyType = 1;
			remoteGlobalIDString = FE4B9B962E2F00810080B3DC;
			remoteInfo = "IQRA2Watch Extension Watch App";
		};
		FE4B9BB12E2F00830080B3DC /* PBXContainerItemProxy */ = {
			isa = PBXContainerItemProxy;
			containerPortal = 83CBB9F71A601CBA00E9B192 /* Project object */;
			proxyType = 1;
			remoteGlobalIDString = FE4B9B962E2F00810080B3DC;
			remoteInfo = "IQRA2Watch Extension Watch App";
		};
/* End PBXContainerItemProxy section */

/* Begin PBXFileReference section */
		13B07F961A680F5B00A75B9A /* IQRA2.app */ = {isa = PBXFileReference; explicitFileType = wrapper.application; includeInIndex = 0; path = IQRA2.app; sourceTree = BUILT_PRODUCTS_DIR; };
		13B07FB51A68108700A75B9A /* Images.xcassets */ = {isa = PBXFileReference; lastKnownFileType = folder.assetcatalog; name = Images.xcassets; path = IQRA2/Images.xcassets; sourceTree = "<group>"; };
		13B07FB61A68108700A75B9A /* Info.plist */ = {isa = PBXFileReference; fileEncoding = 4; lastKnownFileType = text.plist.xml; name = Info.plist; path = IQRA2/Info.plist; sourceTree = "<group>"; };
		13B07FB81A68108700A75B9A /* PrivacyInfo.xcprivacy */ = {isa = PBXFileReference; fileEncoding = 4; lastKnownFileType = text.plist.xml; name = PrivacyInfo.xcprivacy; path = IQRA2/PrivacyInfo.xcprivacy; sourceTree = "<group>"; };
		2F04E8AC4AD243DA8DBD43E4 /* Montserrat-Regular.ttf */ = {isa = PBXFileReference; explicitFileType = undefined; fileEncoding = 9; includeInIndex = 0; lastKnownFileType = unknown; name = "Montserrat-Regular.ttf"; path = "../src/assets/fonts/Montserrat-Regular.ttf"; sourceTree = "<group>"; };
		497E90635E1D4D63B9C1FBF7 /* Montserrat-Bold.ttf */ = {isa = PBXFileReference; explicitFileType = undefined; fileEncoding = 9; includeInIndex = 0; lastKnownFileType = unknown; name = "Montserrat-Bold.ttf"; path = "../src/assets/fonts/Montserrat-Bold.ttf"; sourceTree = "<group>"; };
		52C00D17AFA24336AA59F63A /* KSAHeavy.ttf */ = {isa = PBXFileReference; explicitFileType = undefined; fileEncoding = 9; includeInIndex = 0; lastKnownFileType = unknown; name = KSAHeavy.ttf; path = ../src/assets/fonts/KSAHeavy.ttf; sourceTree = "<group>"; };
		5DCACB8F33CDC322A6C60F78 /* libPods-IQRA2.a */ = {isa = PBXFileReference; explicitFileType = archive.ar; includeInIndex = 0; path = "libPods-IQRA2.a"; sourceTree = BUILT_PRODUCTS_DIR; };
		761780EC2CA45674006654EE /* AppDelegate.swift */ = {isa = PBXFileReference; lastKnownFileType = sourcecode.swift; name = AppDelegate.swift; path = IQRA2/AppDelegate.swift; sourceTree = "<group>"; };
		78C94F5480BF404C80F4F382 /* UthmanTNB_v2-0.ttf */ = {isa = PBXFileReference; explicitFileType = undefined; fileEncoding = 9; includeInIndex = 0; lastKnownFileType = unknown; name = "UthmanTNB_v2-0.ttf"; path = "../src/assets/fonts/UthmanTNB_v2-0.ttf"; sourceTree = "<group>"; };
		811694F41412CDC2BAFE3A9F /* libPods-IQRA2.a */ = {isa = PBXFileReference; explicitFileType = archive.ar; includeInIndex = 0; path = "libPods-IQRA2.a"; sourceTree = BUILT_PRODUCTS_DIR; };
		81AB9BB72411601600AC10FF /* LaunchScreen.storyboard */ = {isa = PBXFileReference; fileEncoding = 4; lastKnownFileType = file.storyboard; name = LaunchScreen.storyboard; path = IQRA2/LaunchScreen.storyboard; sourceTree = "<group>"; };
		912CA44E9648C7E50B00E240 /* Pods-IQRA2.debug.xcconfig */ = {isa = PBXFileReference; includeInIndex = 1; lastKnownFileType = text.xcconfig; name = "Pods-IQRA2.debug.xcconfig"; path = "Target Support Files/Pods-IQRA2/Pods-IQRA2.debug.xcconfig"; sourceTree = "<group>"; };
		9147D9F56B9FA1CC27A4ED1A /* Pods-IQRA2.release.xcconfig */ = {isa = PBXFileReference; includeInIndex = 1; lastKnownFileType = text.xcconfig; name = "Pods-IQRA2.release.xcconfig"; path = "Target Support Files/Pods-IQRA2/Pods-IQRA2.release.xcconfig"; sourceTree = "<group>"; };
		E36218C1AA38425399953908 /* UthmanTN_v2-0.ttf */ = {isa = PBXFileReference; explicitFileType = undefined; fileEncoding = 9; includeInIndex = 0; lastKnownFileType = unknown; name = "UthmanTN_v2-0.ttf"; path = "../src/assets/fonts/UthmanTN_v2-0.ttf"; sourceTree = "<group>"; };
		ED297162215061F000B7C4FE /* JavaScriptCore.framework */ = {isa = PBXFileReference; lastKnownFileType = wrapper.framework; name = JavaScriptCore.framework; path = System/Library/Frameworks/JavaScriptCore.framework; sourceTree = SDKROOT; };
		FATIHA_001 /* 001001.mp3 */ = {isa = PBXFileReference; lastKnownFileType = audio.mp3; name = 001001.mp3; path = ../src/assets/AlFatiha_Mishary/001001.mp3; sourceTree = "<group>"; };
		FATIHA_002 /* 001002.mp3 */ = {isa = PBXFileReference; lastKnownFileType = audio.mp3; name = 001002.mp3; path = ../src/assets/AlFatiha_Mishary/001002.mp3; sourceTree = "<group>"; };
		FATIHA_003 /* 001003.mp3 */ = {isa = PBXFileReference; lastKnownFileType = audio.mp3; name = 001003.mp3; path = ../src/assets/AlFatiha_Mishary/001003.mp3; sourceTree = "<group>"; };
		FATIHA_004 /* 001004.mp3 */ = {isa = PBXFileReference; lastKnownFileType = audio.mp3; name = 001004.mp3; path = ../src/assets/AlFatiha_Mishary/001004.mp3; sourceTree = "<group>"; };
		FATIHA_005 /* 001005.mp3 */ = {isa = PBXFileReference; lastKnownFileType = audio.mp3; name = 001005.mp3; path = ../src/assets/AlFatiha_Mishary/001005.mp3; sourceTree = "<group>"; };
		FATIHA_006 /* 001006.mp3 */ = {isa = PBXFileReference; lastKnownFileType = audio.mp3; name = 001006.mp3; path = ../src/assets/AlFatiha_Mishary/001006.mp3; sourceTree = "<group>"; };
		FATIHA_007 /* 001007.mp3 */ = {isa = PBXFileReference; lastKnownFileType = audio.mp3; name = 001007.mp3; path = ../src/assets/AlFatiha_Mishary/001007.mp3; sourceTree = "<group>"; };
		FE4B9B972E2F00810080B3DC /* IQRA2Watch Extension Watch App.app */ = {isa = PBXFileReference; explicitFileType = wrapper.application; includeInIndex = 0; path = "IQRA2Watch Extension Watch App.app"; sourceTree = BUILT_PRODUCTS_DIR; };
		FE4B9BA62E2F00830080B3DC /* IQRA2Watch Extension Watch AppTests.xctest */ = {isa = PBXFileReference; explicitFileType = wrapper.cfbundle; includeInIndex = 0; path = "IQRA2Watch Extension Watch AppTests.xctest"; sourceTree = BUILT_PRODUCTS_DIR; };
		FE4B9BB02E2F00830080B3DC /* IQRA2Watch Extension Watch AppUITests.xctest */ = {isa = PBXFileReference; explicitFileType = wrapper.cfbundle; includeInIndex = 0; path = "IQRA2Watch Extension Watch AppUITests.xctest"; sourceTree = BUILT_PRODUCTS_DIR; };
		FE4B9BC12E2F02690080B3DC /* IQRA2.entitlements */ = {isa = PBXFileReference; lastKnownFileType = text.plist.entitlements; name = IQRA2.entitlements; path = IQRA2/IQRA2.entitlements; sourceTree = "<group>"; };
		FE6998912E3E90710066DE56 /* AudioRecorderModule.m */ = {isa = PBXFileReference; lastKnownFileType = sourcecode.c.objc; path = AudioRecorderModule.m; sourceTree = "<group>"; };
		FE6998922E3E90710066DE56 /* AudioRecorderModule.swift */ = {isa = PBXFileReference; lastKnownFileType = sourcecode.swift; path = AudioRecorderModule.swift; sourceTree = "<group>"; };
		FE6998952E3E90B20066DE56 /* IQRA2-Bridging-Header.h */ = {isa = PBXFileReference; lastKnownFileType = sourcecode.c.h; path = "IQRA2-Bridging-Header.h"; sourceTree = "<group>"; };
		FE9B98472E24C68600CE6688 /* 067025.mp3 */ = {isa = PBXFileReference; lastKnownFileType = audio.mp3; name = 067025.mp3; path = ../src/assets/AlMulk_AlGhamdi/067025.mp3; sourceTree = "<group>"; };
		FE9B98482E24C68600CE6688 /* 067017.mp3 */ = {isa = PBXFileReference; lastKnownFileType = audio.mp3; name = 067017.mp3; path = ../src/assets/AlMulk_AlGhamdi/067017.mp3; sourceTree = "<group>"; };
		FE9B98492E24C68600CE6688 /* 067021.mp3 */ = {isa = PBXFileReference; lastKnownFileType = audio.mp3; name = 067021.mp3; path = ../src/assets/AlMulk_AlGhamdi/067021.mp3; sourceTree = "<group>"; };
		FE9B984A2E24C68600CE6688 /* 067024.mp3 */ = {isa = PBXFileReference; lastKnownFileType = audio.mp3; name = 067024.mp3; path = ../src/assets/AlMulk_AlGhamdi/067024.mp3; sourceTree = "<group>"; };
		FE9B984B2E24C68600CE6688 /* 067029.mp3 */ = {isa = PBXFileReference; lastKnownFileType = audio.mp3; name = 067029.mp3; path = ../src/assets/AlMulk_AlGhamdi/067029.mp3; sourceTree = "<group>"; };
		FE9B984C2E24C68700CE6688 /* 067016.mp3 */ = {isa = PBXFileReference; lastKnownFileType = audio.mp3; name = 067016.mp3; path = ../src/assets/AlMulk_AlGhamdi/067016.mp3; sourceTree = "<group>"; };
		FE9B984D2E24C68700CE6688 /* 067014.mp3 */ = {isa = PBXFileReference; lastKnownFileType = audio.mp3; name = 067014.mp3; path = ../src/assets/AlMulk_AlGhamdi/067014.mp3; sourceTree = "<group>"; };
		FE9B984E2E24C68700CE6688 /* 067018.mp3 */ = {isa = PBXFileReference; lastKnownFileType = audio.mp3; name = 067018.mp3; path = ../src/assets/AlMulk_AlGhamdi/067018.mp3; sourceTree = "<group>"; };
		FE9B984F2E24C68700CE6688 /* 067004.mp3 */ = {isa = PBXFileReference; lastKnownFileType = audio.mp3; name = 067004.mp3; path = ../src/assets/AlMulk_AlGhamdi/067004.mp3; sourceTree = "<group>"; };
		FE9B98502E24C68700CE6688 /* 067013.mp3 */ = {isa = PBXFileReference; lastKnownFileType = audio.mp3; name = 067013.mp3; path = ../src/assets/AlMulk_AlGhamdi/067013.mp3; sourceTree = "<group>"; };
		FE9B98512E24C68700CE6688 /* 067030.mp3 */ = {isa = PBXFileReference; lastKnownFileType = audio.mp3; name = 067030.mp3; path = ../src/assets/AlMulk_AlGhamdi/067030.mp3; sourceTree = "<group>"; };
		FE9B98522E24C68700CE6688 /* 067022.mp3 */ = {isa = PBXFileReference; lastKnownFileType = audio.mp3; name = 067022.mp3; path = ../src/assets/AlMulk_AlGhamdi/067022.mp3; sourceTree = "<group>"; };
		FE9B98532E24C68700CE6688 /* 067027.mp3 */ = {isa = PBXFileReference; lastKnownFileType = audio.mp3; name = 067027.mp3; path = ../src/assets/AlMulk_AlGhamdi/067027.mp3; sourceTree = "<group>"; };
		FE9B98542E24C68800CE6688 /* 067006.mp3 */ = {isa = PBXFileReference; lastKnownFileType = audio.mp3; name = 067006.mp3; path = ../src/assets/AlMulk_AlGhamdi/067006.mp3; sourceTree = "<group>"; };
		FE9B98552E24C68800CE6688 /* 067015.mp3 */ = {isa = PBXFileReference; lastKnownFileType = audio.mp3; name = 067015.mp3; path = ../src/assets/AlMulk_AlGhamdi/067015.mp3; sourceTree = "<group>"; };
		FE9B98562E24C68800CE6688 /* 067019.mp3 */ = {isa = PBXFileReference; lastKnownFileType = audio.mp3; name = 067019.mp3; path = ../src/assets/AlMulk_AlGhamdi/067019.mp3; sourceTree = "<group>"; };
		FE9B98572E24C68800CE6688 /* 067020.mp3 */ = {isa = PBXFileReference; lastKnownFileType = audio.mp3; name = 067020.mp3; path = ../src/assets/AlMulk_AlGhamdi/067020.mp3; sourceTree = "<group>"; };
		FE9B98582E24C68800CE6688 /* 067003.mp3 */ = {isa = PBXFileReference; lastKnownFileType = audio.mp3; name = 067003.mp3; path = ../src/assets/AlMulk_AlGhamdi/067003.mp3; sourceTree = "<group>"; };
		FE9B98592E24C68800CE6688 /* 067002.mp3 */ = {isa = PBXFileReference; lastKnownFileType = audio.mp3; name = 067002.mp3; path = ../src/assets/AlMulk_AlGhamdi/067002.mp3; sourceTree = "<group>"; };
		FE9B985A2E24C68800CE6688 /* 067012.mp3 */ = {isa = PBXFileReference; lastKnownFileType = audio.mp3; name = 067012.mp3; path = ../src/assets/AlMulk_AlGhamdi/067012.mp3; sourceTree = "<group>"; };
		FE9B985B2E24C68800CE6688 /* 067011.mp3 */ = {isa = PBXFileReference; lastKnownFileType = audio.mp3; name = 067011.mp3; path = ../src/assets/AlMulk_AlGhamdi/067011.mp3; sourceTree = "<group>"; };
		FE9B985C2E24C68900CE6688 /* 067028.mp3 */ = {isa = PBXFileReference; lastKnownFileType = audio.mp3; name = 067028.mp3; path = ../src/assets/AlMulk_AlGhamdi/067028.mp3; sourceTree = "<group>"; };
		FE9B985D2E24C68900CE6688 /* 067005.mp3 */ = {isa = PBXFileReference; lastKnownFileType = audio.mp3; name = 067005.mp3; path = ../src/assets/AlMulk_AlGhamdi/067005.mp3; sourceTree = "<group>"; };
		FE9B985E2E24C68900CE6688 /* 067001.mp3 */ = {isa = PBXFileReference; lastKnownFileType = audio.mp3; name = 067001.mp3; path = ../src/assets/AlMulk_AlGhamdi/067001.mp3; sourceTree = "<group>"; };
		FE9B985F2E24C68900CE6688 /* 067010.mp3 */ = {isa = PBXFileReference; lastKnownFileType = audio.mp3; name = 067010.mp3; path = ../src/assets/AlMulk_AlGhamdi/067010.mp3; sourceTree = "<group>"; };
		FE9B98602E24C68900CE6688 /* 067023.mp3 */ = {isa = PBXFileReference; lastKnownFileType = audio.mp3; name = 067023.mp3; path = ../src/assets/AlMulk_AlGhamdi/067023.mp3; sourceTree = "<group>"; };
		FE9B98612E24C68900CE6688 /* 067026.mp3 */ = {isa = PBXFileReference; lastKnownFileType = audio.mp3; name = 067026.mp3; path = ../src/assets/AlMulk_AlGhamdi/067026.mp3; sourceTree = "<group>"; };
		FE9B98622E24C68A00CE6688 /* 067007.mp3 */ = {isa = PBXFileReference; lastKnownFileType = audio.mp3; name = 067007.mp3; path = ../src/assets/AlMulk_AlGhamdi/067007.mp3; sourceTree = "<group>"; };
		FE9B98632E24C68A00CE6688 /* 067008.mp3 */ = {isa = PBXFileReference; lastKnownFileType = audio.mp3; name = 067008.mp3; path = ../src/assets/AlMulk_AlGhamdi/067008.mp3; sourceTree = "<group>"; };
		FE9B98642E24C68A00CE6688 /* 067009.mp3 */ = {isa = PBXFileReference; lastKnownFileType = audio.mp3; name = 067009.mp3; path = ../src/assets/AlMulk_AlGhamdi/067009.mp3; sourceTree = "<group>"; };
/* End PBXFileReference section */

/* Begin PBXFileSystemSynchronizedRootGroup section */
		FE4B9B982E2F00810080B3DC /* IQRA2Watch Extension Watch App */ = {
			isa = PBXFileSystemSynchronizedRootGroup;
			exceptions = (
			);
			explicitFileTypes = {
			};
			explicitFolders = (
			);
			path = "IQRA2Watch Extension Watch App";
			sourceTree = "<group>";
		};
		FE4B9BA92E2F00830080B3DC /* IQRA2Watch Extension Watch AppTests */ = {
			isa = PBXFileSystemSynchronizedRootGroup;
			exceptions = (
			);
			explicitFileTypes = {
			};
			explicitFolders = (
			);
			path = "IQRA2Watch Extension Watch AppTests";
			sourceTree = "<group>";
		};
		FE4B9BB32E2F00830080B3DC /* IQRA2Watch Extension Watch AppUITests */ = {
			isa = PBXFileSystemSynchronizedRootGroup;
			exceptions = (
			);
			explicitFileTypes = {
			};
			explicitFolders = (
			);
			path = "IQRA2Watch Extension Watch AppUITests";
			sourceTree = "<group>";
		};
/* End PBXFileSystemSynchronizedRootGroup section */

/* Begin PBXFrameworksBuildPhase section */
		13B07F8C1A680F5B00A75B9A /* Frameworks */ = {
			isa = PBXFrameworksBuildPhase;
			buildActionMask = 2147483647;
			files = (
				0C80B921A6F3F58F76C31292 /* libPods-IQRA2.a in Frameworks */,
				F0DFED04F3288FC18A971247 /* libPods-IQRA2.a in Frameworks */,
			);
			runOnlyForDeploymentPostprocessing = 0;
		};
		FE4B9B942E2F00810080B3DC /* Frameworks */ = {
			isa = PBXFrameworksBuildPhase;
			buildActionMask = 2147483647;
			files = (
			);
			runOnlyForDeploymentPostprocessing = 0;
		};
		FE4B9BA32E2F00830080B3DC /* Frameworks */ = {
			isa = PBXFrameworksBuildPhase;
			buildActionMask = 2147483647;
			files = (
			);
			runOnlyForDeploymentPostprocessing = 0;
		};
		FE4B9BAD2E2F00830080B3DC /* Frameworks */ = {
			isa = PBXFrameworksBuildPhase;
			buildActionMask = 2147483647;
			files = (
			);
			runOnlyForDeploymentPostprocessing = 0;
		};
/* End PBXFrameworksBuildPhase section */

/* Begin PBXGroup section */
		13B07FAE1A68108700A75B9A /* IQRA2 */ = {
			isa = PBXGroup;
			children = (
				FE4B9BC12E2F02690080B3DC /* IQRA2.entitlements */,
				13B07FB51A68108700A75B9A /* Images.xcassets */,
				761780EC2CA45674006654EE /* AppDelegate.swift */,
				13B07FB61A68108700A75B9A /* Info.plist */,
				81AB9BB72411601600AC10FF /* LaunchScreen.storyboard */,
				13B07FB81A68108700A75B9A /* PrivacyInfo.xcprivacy */,
			);
			name = IQRA2;
			sourceTree = "<group>";
		};
		2D16E6871FA4F8E400B85C8A /* Frameworks */ = {
			isa = PBXGroup;
			children = (
				ED297162215061F000B7C4FE /* JavaScriptCore.framework */,
				811694F41412CDC2BAFE3A9F /* libPods-IQRA2.a */,
			);
			name = Frameworks;
			sourceTree = "<group>";
		};
		832341AE1AAA6A7D00B99B32 /* Libraries */ = {
			isa = PBXGroup;
			children = (
			);
			name = Libraries;
			sourceTree = "<group>";
		};
		83CBB9F61A601CBA00E9B192 = {
			isa = PBXGroup;
			children = (
				FE6998912E3E90710066DE56 /* AudioRecorderModule.m */,
				FE6998922E3E90710066DE56 /* AudioRecorderModule.swift */,
				13B07FAE1A68108700A75B9A /* IQRA2 */,
				832341AE1AAA6A7D00B99B32 /* Libraries */,
				FE4B9B982E2F00810080B3DC /* IQRA2Watch Extension Watch App */,
				FE4B9BA92E2F00830080B3DC /* IQRA2Watch Extension Watch AppTests */,
				FE4B9BB32E2F00830080B3DC /* IQRA2Watch Extension Watch AppUITests */,
				83CBBA001A601CBA00E9B192 /* Products */,
				2D16E6871FA4F8E400B85C8A /* Frameworks */,
				9CEE6281BA4F4614B78ED3C6 /* Resources */,
				BBD78D7AC51CEA395F1C20DB /* Pods */,
				FE6998952E3E90B20066DE56 /* IQRA2-Bridging-Header.h */,
			);
			indentWidth = 2;
			sourceTree = "<group>";
			tabWidth = 2;
			usesTabs = 0;
		};
		83CBBA001A601CBA00E9B192 /* Products */ = {
			isa = PBXGroup;
			children = (
				13B07F961A680F5B00A75B9A /* IQRA2.app */,
				FE4B9B972E2F00810080B3DC /* IQRA2Watch Extension Watch App.app */,
				FE4B9BA62E2F00830080B3DC /* IQRA2Watch Extension Watch AppTests.xctest */,
				FE4B9BB02E2F00830080B3DC /* IQRA2Watch Extension Watch AppUITests.xctest */,
			);
			name = Products;
			sourceTree = "<group>";
		};
		9CEE6281BA4F4614B78ED3C6 /* Resources */ = {
			isa = PBXGroup;
			children = (
				E36218C1AA38425399953908 /* UthmanTN_v2-0.ttf */,
				497E90635E1D4D63B9C1FBF7 /* Montserrat-Bold.ttf */,
				2F04E8AC4AD243DA8DBD43E4 /* Montserrat-Regular.ttf */,
				FATIHA_001 /* 001001.mp3 */,
				FATIHA_002 /* 001002.mp3 */,
				FATIHA_003 /* 001003.mp3 */,
				FATIHA_004 /* 001004.mp3 */,
				FATIHA_005 /* 001005.mp3 */,
				FATIHA_006 /* 001006.mp3 */,
				FATIHA_007 /* 001007.mp3 */,
				FE9B985E2E24C68900CE6688 /* 067001.mp3 */,
				FE9B98592E24C68800CE6688 /* 067002.mp3 */,
				FE9B98582E24C68800CE6688 /* 067003.mp3 */,
				FE9B984F2E24C68700CE6688 /* 067004.mp3 */,
				FE9B985D2E24C68900CE6688 /* 067005.mp3 */,
				FE9B98542E24C68800CE6688 /* 067006.mp3 */,
				FE9B98622E24C68A00CE6688 /* 067007.mp3 */,
				FE9B98632E24C68A00CE6688 /* 067008.mp3 */,
				FE9B98642E24C68A00CE6688 /* 067009.mp3 */,
				FE9B985F2E24C68900CE6688 /* 067010.mp3 */,
				FE9B985B2E24C68800CE6688 /* 067011.mp3 */,
				FE9B985A2E24C68800CE6688 /* 067012.mp3 */,
				FE9B98502E24C68700CE6688 /* 067013.mp3 */,
				FE9B984D2E24C68700CE6688 /* 067014.mp3 */,
				FE9B98552E24C68800CE6688 /* 067015.mp3 */,
				FE9B984C2E24C68700CE6688 /* 067016.mp3 */,
				FE9B98482E24C68600CE6688 /* 067017.mp3 */,
				FE9B984E2E24C68700CE6688 /* 067018.mp3 */,
				FE9B98562E24C68800CE6688 /* 067019.mp3 */,
				FE9B98572E24C68800CE6688 /* 067020.mp3 */,
				FE9B98492E24C68600CE6688 /* 067021.mp3 */,
				FE9B98522E24C68700CE6688 /* 067022.mp3 */,
				FE9B98602E24C68900CE6688 /* 067023.mp3 */,
				FE9B984A2E24C68600CE6688 /* 067024.mp3 */,
				FE9B98472E24C68600CE6688 /* 067025.mp3 */,
				FE9B98612E24C68900CE6688 /* 067026.mp3 */,
				FE9B98532E24C68700CE6688 /* 067027.mp3 */,
				FE9B985C2E24C68900CE6688 /* 067028.mp3 */,
				FE9B984B2E24C68600CE6688 /* 067029.mp3 */,
				FE9B98512E24C68700CE6688 /* 067030.mp3 */,
				52C00D17AFA24336AA59F63A /* KSAHeavy.ttf */,
				78C94F5480BF404C80F4F382 /* UthmanTNB_v2-0.ttf */,
			);
			name = Resources;
			sourceTree = "<group>";
		};
		BBD78D7AC51CEA395F1C20DB /* Pods */ = {
			isa = PBXGroup;
			children = (
				5DCACB8F33CDC322A6C60F78 /* libPods-IQRA2.a */,
				912CA44E9648C7E50B00E240 /* Pods-IQRA2.debug.xcconfig */,
				9147D9F56B9FA1CC27A4ED1A /* Pods-IQRA2.release.xcconfig */,
			);
			path = Pods;
			sourceTree = "<group>";
		};
/* End PBXGroup section */

/* Begin PBXNativeTarget section */
		13B07F861A680F5B00A75B9A /* IQRA2 */ = {
			isa = PBXNativeTarget;
			buildConfigurationList = 13B07F931A680F5B00A75B9A /* Build configuration list for PBXNativeTarget "IQRA2" */;
			buildPhases = (
				4064974CD966A84B575017E0 /* [CP] Check Pods Manifest.lock */,
				13B07F871A680F5B00A75B9A /* Sources */,
				13B07F8C1A680F5B00A75B9A /* Frameworks */,
				13B07F8E1A680F5B00A75B9A /* Resources */,
				00DD1BFF1BD5951E006B06BC /* Bundle React Native code and images */,
				355D8817E557BA643E856857 /* [CP] Copy Pods Resources */,
			);
			buildRules = (
			);
			dependencies = (
			);
			name = IQRA2;
			productName = IQRA2;
			productReference = 13B07F961A680F5B00A75B9A /* IQRA2.app */;
			productType = "com.apple.product-type.application";
		};
		FE4B9B962E2F00810080B3DC /* IQRA2Watch Extension Watch App */ = {
			isa = PBXNativeTarget;
			buildConfigurationList = FE4B9BBE2E2F00830080B3DC /* Build configuration list for PBXNativeTarget "IQRA2Watch Extension Watch App" */;
			buildPhases = (
				FE4B9B932E2F00810080B3DC /* Sources */,
				FE4B9B942E2F00810080B3DC /* Frameworks */,
				FE4B9B952E2F00810080B3DC /* Resources */,
			);
			buildRules = (
			);
			dependencies = (
			);
			fileSystemSynchronizedGroups = (
				FE4B9B982E2F00810080B3DC /* IQRA2Watch Extension Watch App */,
			);
			name = "IQRA2Watch Extension Watch App";
			productName = "IQRA2Watch Extension Watch App";
			productReference = FE4B9B972E2F00810080B3DC /* IQRA2Watch Extension Watch App.app */;
			productType = "com.apple.product-type.application";
		};
		FE4B9BA52E2F00830080B3DC /* IQRA2Watch Extension Watch AppTests */ = {
			isa = PBXNativeTarget;
			buildConfigurationList = FE4B9BBF2E2F00830080B3DC /* Build configuration list for PBXNativeTarget "IQRA2Watch Extension Watch AppTests" */;
			buildPhases = (
				FE4B9BA22E2F00830080B3DC /* Sources */,
				FE4B9BA32E2F00830080B3DC /* Frameworks */,
				FE4B9BA42E2F00830080B3DC /* Resources */,
			);
			buildRules = (
			);
			dependencies = (
				FE4B9BA82E2F00830080B3DC /* PBXTargetDependency */,
			);
			fileSystemSynchronizedGroups = (
				FE4B9BA92E2F00830080B3DC /* IQRA2Watch Extension Watch AppTests */,
			);
			name = "IQRA2Watch Extension Watch AppTests";
			productName = "IQRA2Watch Extension Watch AppTests";
			productReference = FE4B9BA62E2F00830080B3DC /* IQRA2Watch Extension Watch AppTests.xctest */;
			productType = "com.apple.product-type.bundle.unit-test";
		};
		FE4B9BAF2E2F00830080B3DC /* IQRA2Watch Extension Watch AppUITests */ = {
			isa = PBXNativeTarget;
			buildConfigurationList = FE4B9BC02E2F00830080B3DC /* Build configuration list for PBXNativeTarget "IQRA2Watch Extension Watch AppUITests" */;
			buildPhases = (
				FE4B9BAC2E2F00830080B3DC /* Sources */,
				FE4B9BAD2E2F00830080B3DC /* Frameworks */,
				FE4B9BAE2E2F00830080B3DC /* Resources */,
			);
			buildRules = (
			);
			dependencies = (
				FE4B9BB22E2F00830080B3DC /* PBXTargetDependency */,
			);
			fileSystemSynchronizedGroups = (
				FE4B9BB32E2F00830080B3DC /* IQRA2Watch Extension Watch AppUITests */,
			);
			name = "IQRA2Watch Extension Watch AppUITests";
			productName = "IQRA2Watch Extension Watch AppUITests";
			productReference = FE4B9BB02E2F00830080B3DC /* IQRA2Watch Extension Watch AppUITests.xctest */;
			productType = "com.apple.product-type.bundle.ui-testing";
		};
/* End PBXNativeTarget section */

/* Begin PBXProject section */
		83CBB9F71A601CBA00E9B192 /* Project object */ = {
			isa = PBXProject;
			attributes = {
				LastSwiftUpdateCheck = 1620;
				LastUpgradeCheck = 1210;
				TargetAttributes = {
					13B07F861A680F5B00A75B9A = {
						LastSwiftMigration = 1620;
					};
					FE4B9B962E2F00810080B3DC = {
						CreatedOnToolsVersion = 16.2;
					};
					FE4B9BA52E2F00830080B3DC = {
						CreatedOnToolsVersion = 16.2;
						TestTargetID = FE4B9B962E2F00810080B3DC;
					};
					FE4B9BAF2E2F00830080B3DC = {
						CreatedOnToolsVersion = 16.2;
						TestTargetID = FE4B9B962E2F00810080B3DC;
					};
				};
			};
			buildConfigurationList = 83CBB9FA1A601CBA00E9B192 /* Build configuration list for PBXProject "IQRA2" */;
			compatibilityVersion = "Xcode 12.0";
			developmentRegion = en;
			hasScannedForEncodings = 0;
			knownRegions = (
				en,
				Base,
			);
			mainGroup = 83CBB9F61A601CBA00E9B192;
			productRefGroup = 83CBBA001A601CBA00E9B192 /* Products */;
			projectDirPath = "";
			projectRoot = "";
			targets = (
				13B07F861A680F5B00A75B9A /* IQRA2 */,
				FE4B9B962E2F00810080B3DC /* IQRA2Watch Extension Watch App */,
				FE4B9BA52E2F00830080B3DC /* IQRA2Watch Extension Watch AppTests */,
				FE4B9BAF2E2F00830080B3DC /* IQRA2Watch Extension Watch AppUITests */,
			);
		};
/* End PBXProject section */

/* Begin PBXResourcesBuildPhase section */
		13B07F8E1A680F5B00A75B9A /* Resources */ = {
			isa = PBXResourcesBuildPhase;
			buildActionMask = 2147483647;
			files = (
				FE9B98652E24C68A00CE6688 /* 067025.mp3 in Resources */,
				FE9B98662E24C68A00CE6688 /* 067017.mp3 in Resources */,
				FE9B98672E24C68A00CE6688 /* 067021.mp3 in Resources */,
				FE9B98682E24C68A00CE6688 /* 067024.mp3 in Resources */,
				FE9B98692E24C68A00CE6688 /* 067029.mp3 in Resources */,
				FE9B986A2E24C68A00CE6688 /* 067016.mp3 in Resources */,
				FE9B986B2E24C68A00CE6688 /* 067014.mp3 in Resources */,
				FE9B986C2E24C68A00CE6688 /* 067018.mp3 in Resources */,
				FE9B986D2E24C68A00CE6688 /* 067004.mp3 in Resources */,
				FE9B986E2E24C68A00CE6688 /* 067013.mp3 in Resources */,
				FE9B986F2E24C68A00CE6688 /* 067030.mp3 in Resources */,
				FE9B98702E24C68A00CE6688 /* 067022.mp3 in Resources */,
				FE9B98712E24C68A00CE6688 /* 067027.mp3 in Resources */,
				FE9B98722E24C68A00CE6688 /* 067006.mp3 in Resources */,
				FE9B98732E24C68A00CE6688 /* 067015.mp3 in Resources */,
				FE9B98742E24C68A00CE6688 /* 067019.mp3 in Resources */,
				FE9B98752E24C68A00CE6688 /* 067020.mp3 in Resources */,
				FE9B98762E24C68A00CE6688 /* 067003.mp3 in Resources */,
				FE9B98772E24C68A00CE6688 /* 067002.mp3 in Resources */,
				FE9B98782E24C68A00CE6688 /* 067012.mp3 in Resources */,
				FE9B98792E24C68A00CE6688 /* 067011.mp3 in Resources */,
				FE9B987A2E24C68A00CE6688 /* 067028.mp3 in Resources */,
				FE9B987B2E24C68A00CE6688 /* 067005.mp3 in Resources */,
				FE9B987C2E24C68A00CE6688 /* 067001.mp3 in Resources */,
				FE9B987D2E24C68A00CE6688 /* 067010.mp3 in Resources */,
				FE9B987E2E24C68A00CE6688 /* 067023.mp3 in Resources */,
				FE9B987F2E24C68A00CE6688 /* 067026.mp3 in Resources */,
				FE9B98802E24C68A00CE6688 /* 067007.mp3 in Resources */,
				FE9B98812E24C68A00CE6688 /* 067008.mp3 in Resources */,
				FE9B98822E24C68A00CE6688 /* 067009.mp3 in Resources */,
				FE894A2C2E242CF00054180C /* 001001.mp3 in Resources */,
				FE894A2D2E242CF00054180C /* 001002.mp3 in Resources */,
				FE894A2E2E242CF00054180C /* 001003.mp3 in Resources */,
				FE894A2F2E242CF00054180C /* 001004.mp3 in Resources */,
				FE894A302E242CF00054180C /* 001005.mp3 in Resources */,
				FE894A312E242CF00054180C /* 001006.mp3 in Resources */,
				FE894A322E242CF00054180C /* 001007.mp3 in Resources */,
				81AB9BB82411601600AC10FF /* LaunchScreen.storyboard in Resources */,
				13B07FBF1A68108700A75B9A /* Images.xcassets in Resources */,
				D040CBC6B347D9F9B9CEAE2D /* PrivacyInfo.xcprivacy in Resources */,
				78FF702459244C3D998A120C /* UthmanTN_v2-0.ttf in Resources */,
				23AD0F3B98084826AD3818C9 /* Montserrat-Bold.ttf in Resources */,
				CE5CC92097EE4694873E4173 /* Montserrat-Regular.ttf in Resources */,
				796D9C8EB21E4BF7A76348E4 /* KSAHeavy.ttf in Resources */,
				FD63C71DC90A4122A602EDE4 /* UthmanTNB_v2-0.ttf in Resources */,
			);
			runOnlyForDeploymentPostprocessing = 0;
		};
		FE4B9B952E2F00810080B3DC /* Resources */ = {
			isa = PBXResourcesBuildPhase;
			buildActionMask = 2147483647;
			files = (
				5E3C4B353CF9D22E37D6CED0 /* PrivacyInfo.xcprivacy in Resources */,
			);
			runOnlyForDeploymentPostprocessing = 0;
		};
		FE4B9BA42E2F00830080B3DC /* Resources */ = {
			isa = PBXResourcesBuildPhase;
			buildActionMask = 2147483647;
			files = (
			);
			runOnlyForDeploymentPostprocessing = 0;
		};
		FE4B9BAE2E2F00830080B3DC /* Resources */ = {
			isa = PBXResourcesBuildPhase;
			buildActionMask = 2147483647;
			files = (
			);
			runOnlyForDeploymentPostprocessing = 0;
		};
/* End PBXResourcesBuildPhase section */

/* Begin PBXShellScriptBuildPhase section */
		00DD1BFF1BD5951E006B06BC /* Bundle React Native code and images */ = {
			isa = PBXShellScriptBuildPhase;
			buildActionMask = 2147483647;
			files = (
			);
			inputPaths = (
				"$(SRCROOT)/.xcode.env.local",
				"$(SRCROOT)/.xcode.env",
			);
			name = "Bundle React Native code and images";
			outputPaths = (
			);
			runOnlyForDeploymentPostprocessing = 0;
			shellPath = /bin/sh;
			shellScript = "set -e\n\nWITH_ENVIRONMENT=\"$REACT_NATIVE_PATH/scripts/xcode/with-environment.sh\"\nREACT_NATIVE_XCODE=\"$REACT_NATIVE_PATH/scripts/react-native-xcode.sh\"\n\n/bin/sh -c \"$WITH_ENVIRONMENT $REACT_NATIVE_XCODE\"\n";
		};
		355D8817E557BA643E856857 /* [CP] Copy Pods Resources */ = {
			isa = PBXShellScriptBuildPhase;
			buildActionMask = 2147483647;
			files = (
			);
			inputFileListPaths = (
				"${PODS_ROOT}/Target Support Files/Pods-IQRA2/Pods-IQRA2-resources-${CONFIGURATION}-input-files.xcfilelist",
			);
			name = "[CP] Copy Pods Resources";
			outputFileListPaths = (
				"${PODS_ROOT}/Target Support Files/Pods-IQRA2/Pods-IQRA2-resources-${CONFIGURATION}-output-files.xcfilelist",
			);
			runOnlyForDeploymentPostprocessing = 0;
			shellPath = /bin/sh;
			shellScript = "\"${PODS_ROOT}/Target Support Files/Pods-IQRA2/Pods-IQRA2-resources.sh\"\n";
			showEnvVarsInLog = 0;
		};
		4064974CD966A84B575017E0 /* [CP] Check Pods Manifest.lock */ = {
			isa = PBXShellScriptBuildPhase;
			buildActionMask = 2147483647;
			files = (
			);
			inputFileListPaths = (
			);
			inputPaths = (
				"${PODS_PODFILE_DIR_PATH}/Podfile.lock",
				"${PODS_ROOT}/Manifest.lock",
			);
			name = "[CP] Check Pods Manifest.lock";
			outputFileListPaths = (
			);
			outputPaths = (
				"$(DERIVED_FILE_DIR)/Pods-IQRA2-checkManifestLockResult.txt",
			);
			runOnlyForDeploymentPostprocessing = 0;
			shellPath = /bin/sh;
			shellScript = "diff \"${PODS_PODFILE_DIR_PATH}/Podfile.lock\" \"${PODS_ROOT}/Manifest.lock\" > /dev/null\nif [ $? != 0 ] ; then\n    # print error to STDERR\n    echo \"error: The sandbox is not in sync with the Podfile.lock. Run 'pod install' or update your CocoaPods installation.\" >&2\n    exit 1\nfi\n# This output is used by Xcode 'outputs' to avoid re-running this script phase.\necho \"SUCCESS\" > \"${SCRIPT_OUTPUT_FILE_0}\"\n";
			showEnvVarsInLog = 0;
		};
/* End PBXShellScriptBuildPhase section */

/* Begin PBXSourcesBuildPhase section */
		13B07F871A680F5B00A75B9A /* Sources */ = {
			isa = PBXSourcesBuildPhase;
			buildActionMask = 2147483647;
			files = (
				FE6998932E3E90710066DE56 /* AudioRecorderModule.m in Sources */,
				FE6998942E3E90710066DE56 /* AudioRecorderModule.swift in Sources */,
				761780ED2CA45674006654EE /* AppDelegate.swift in Sources */,
			);
			runOnlyForDeploymentPostprocessing = 0;
		};
		FE4B9B932E2F00810080B3DC /* Sources */ = {
			isa = PBXSourcesBuildPhase;
			buildActionMask = 2147483647;
			files = (
			);
			runOnlyForDeploymentPostprocessing = 0;
		};
		FE4B9BA22E2F00830080B3DC /* Sources */ = {
			isa = PBXSourcesBuildPhase;
			buildActionMask = 2147483647;
			files = (
			);
			runOnlyForDeploymentPostprocessing = 0;
		};
		FE4B9BAC2E2F00830080B3DC /* Sources */ = {
			isa = PBXSourcesBuildPhase;
			buildActionMask = 2147483647;
			files = (
			);
			runOnlyForDeploymentPostprocessing = 0;
		};
/* End PBXSourcesBuildPhase section */

/* Begin PBXTargetDependency section */
		FE4B9BA82E2F00830080B3DC /* PBXTargetDependency */ = {
			isa = PBXTargetDependency;
			target = FE4B9B962E2F00810080B3DC /* IQRA2Watch Extension Watch App */;
			targetProxy = FE4B9BA72E2F00830080B3DC /* PBXContainerItemProxy */;
		};
		FE4B9BB22E2F00830080B3DC /* PBXTargetDependency */ = {
			isa = PBXTargetDependency;
			target = FE4B9B962E2F00810080B3DC /* IQRA2Watch Extension Watch App */;
			targetProxy = FE4B9BB12E2F00830080B3DC /* PBXContainerItemProxy */;
		};
/* End PBXTargetDependency section */

/* Begin XCBuildConfiguration section */
		13B07F941A680F5B00A75B9A /* Debug */ = {
			isa = XCBuildConfiguration;
			baseConfigurationReference = 912CA44E9648C7E50B00E240 /* Pods-IQRA2.debug.xcconfig */;
			buildSettings = {
				ASSETCATALOG_COMPILER_APPICON_NAME = AppIcon;
				CLANG_ENABLE_MODULES = YES;
				CODE_SIGN_ENTITLEMENTS = IQRA2/IQRA2.entitlements;
				CURRENT_PROJECT_VERSION = 1;
				DEVELOPMENT_TEAM = UYJ823H5DD;
				ENABLE_BITCODE = NO;
				INFOPLIST_FILE = IQRA2/Info.plist;
				IPHONEOS_DEPLOYMENT_TARGET = 15.1;
				LD_RUNPATH_SEARCH_PATHS = (
					"$(inherited)",
					"@executable_path/Frameworks",
				);
				MARKETING_VERSION = 1.0;
				OTHER_LDFLAGS = (
					"$(inherited)",
					"-ObjC",
					"-lc++",
				);
				PRODUCT_BUNDLE_IDENTIFIER = "org.reactjs.native.example.$(PRODUCT_NAME:rfc1034identifier)";
				PRODUCT_NAME = IQRA2;
				SWIFT_OBJC_BRIDGING_HEADER = "IQRA2-Bridging-Header.h";
				SWIFT_OPTIMIZATION_LEVEL = "-Onone";
				SWIFT_VERSION = 5.0;
				VERSIONING_SYSTEM = "apple-generic";
			};
			name = Debug;
		};
		13B07F951A680F5B00A75B9A /* Release */ = {
			isa = XCBuildConfiguration;
			baseConfigurationReference = 9147D9F56B9FA1CC27A4ED1A /* Pods-IQRA2.release.xcconfig */;
			buildSettings = {
				ASSETCATALOG_COMPILER_APPICON_NAME = AppIcon;
				CLANG_ENABLE_MODULES = YES;
				CODE_SIGN_ENTITLEMENTS = IQRA2/IQRA2.entitlements;
				CURRENT_PROJECT_VERSION = 1;
				DEVELOPMENT_TEAM = UYJ823H5DD;
				INFOPLIST_FILE = IQRA2/Info.plist;
				IPHONEOS_DEPLOYMENT_TARGET = 15.1;
				LD_RUNPATH_SEARCH_PATHS = (
					"$(inherited)",
					"@executable_path/Frameworks",
				);
				MARKETING_VERSION = 1.0;
				OTHER_LDFLAGS = (
					"$(inherited)",
					"-ObjC",
					"-lc++",
				);
				PRODUCT_BUNDLE_IDENTIFIER = "org.reactjs.native.example.$(PRODUCT_NAME:rfc1034identifier)";
				PRODUCT_NAME = IQRA2;
				SWIFT_OBJC_BRIDGING_HEADER = "IQRA2-Bridging-Header.h";
				SWIFT_VERSION = 5.0;
				VERSIONING_SYSTEM = "apple-generic";
			};
			name = Release;
		};
		83CBBA201A601CBA00E9B192 /* Debug */ = {
			isa = XCBuildConfiguration;
			buildSettings = {
				ALWAYS_SEARCH_USER_PATHS = NO;
				CLANG_ANALYZER_LOCALIZABILITY_NONLOCALIZED = YES;
				CLANG_CXX_LANGUAGE_STANDARD = "c++20";
				CLANG_CXX_LIBRARY = "libc++";
				CLANG_ENABLE_MODULES = YES;
				CLANG_ENABLE_OBJC_ARC = YES;
				CLANG_WARN_BLOCK_CAPTURE_AUTORELEASING = YES;
				CLANG_WARN_BOOL_CONVERSION = YES;
				CLANG_WARN_COMMA = YES;
				CLANG_WARN_CONSTANT_CONVERSION = YES;
				CLANG_WARN_DEPRECATED_OBJC_IMPLEMENTATIONS = YES;
				CLANG_WARN_DIRECT_OBJC_ISA_USAGE = YES_ERROR;
				CLANG_WARN_EMPTY_BODY = YES;
				CLANG_WARN_ENUM_CONVERSION = YES;
				CLANG_WARN_INFINITE_RECURSION = YES;
				CLANG_WARN_INT_CONVERSION = YES;
				CLANG_WARN_NON_LITERAL_NULL_CONVERSION = YES;
				CLANG_WARN_OBJC_IMPLICIT_RETAIN_SELF = YES;
				CLANG_WARN_OBJC_LITERAL_CONVERSION = YES;
				CLANG_WARN_OBJC_ROOT_CLASS = YES_ERROR;
				CLANG_WARN_QUOTED_INCLUDE_IN_FRAMEWORK_HEADER = YES;
				CLANG_WARN_RANGE_LOOP_ANALYSIS = YES;
				CLANG_WARN_STRICT_PROTOTYPES = YES;
				CLANG_WARN_SUSPICIOUS_MOVE = YES;
				CLANG_WARN_UNREACHABLE_CODE = YES;
				CLANG_WARN__DUPLICATE_METHOD_MATCH = YES;
				"CODE_SIGN_IDENTITY[sdk=iphoneos*]" = "iPhone Developer";
				COPY_PHASE_STRIP = NO;
				ENABLE_STRICT_OBJC_MSGSEND = YES;
				ENABLE_TESTABILITY = YES;
				"EXCLUDED_ARCHS[sdk=iphonesimulator*]" = "";
				GCC_C_LANGUAGE_STANDARD = gnu99;
				GCC_DYNAMIC_NO_PIC = NO;
				GCC_NO_COMMON_BLOCKS = YES;
				GCC_OPTIMIZATION_LEVEL = 0;
				GCC_PREPROCESSOR_DEFINITIONS = (
					"DEBUG=1",
					"$(inherited)",
				);
				GCC_SYMBOLS_PRIVATE_EXTERN = NO;
				GCC_WARN_64_TO_32_BIT_CONVERSION = YES;
				GCC_WARN_ABOUT_RETURN_TYPE = YES_ERROR;
				GCC_WARN_UNDECLARED_SELECTOR = YES;
				GCC_WARN_UNINITIALIZED_AUTOS = YES_AGGRESSIVE;
				GCC_WARN_UNUSED_FUNCTION = YES;
				GCC_WARN_UNUSED_VARIABLE = YES;
				IPHONEOS_DEPLOYMENT_TARGET = 15.1;
				LD_RUNPATH_SEARCH_PATHS = (
					/usr/lib/swift,
					"$(inherited)",
				);
				LIBRARY_SEARCH_PATHS = (
					"\"$(SDKROOT)/usr/lib/swift\"",
					"\"$(TOOLCHAIN_DIR)/usr/lib/swift/$(PLATFORM_NAME)\"",
					"\"$(inherited)\"",
				);
				MTL_ENABLE_DEBUG_INFO = YES;
				ONLY_ACTIVE_ARCH = YES;
				OTHER_CPLUSPLUSFLAGS = (
					"$(OTHER_CFLAGS)",
					"-DFOLLY_NO_CONFIG",
					"-DFOLLY_MOBILE=1",
					"-DFOLLY_USE_LIBCPP=1",
					"-DFOLLY_CFG_NO_COROUTINES=1",
					"-DFOLLY_HAVE_CLOCK_GETTIME=1",
				);
				OTHER_LDFLAGS = (
					"$(inherited)",
					" ",
				);
				REACT_NATIVE_PATH = "${PODS_ROOT}/../../node_modules/react-native";
				SDKROOT = iphoneos;
				SWIFT_ACTIVE_COMPILATION_CONDITIONS = "$(inherited) DEBUG";
				USE_HERMES = false;
			};
			name = Debug;
		};
		83CBBA211A601CBA00E9B192 /* Release */ = {
			isa = XCBuildConfiguration;
			buildSettings = {
				ALWAYS_SEARCH_USER_PATHS = NO;
				CLANG_ANALYZER_LOCALIZABILITY_NONLOCALIZED = YES;
				CLANG_CXX_LANGUAGE_STANDARD = "c++20";
				CLANG_CXX_LIBRARY = "libc++";
				CLANG_ENABLE_MODULES = YES;
				CLANG_ENABLE_OBJC_ARC = YES;
				CLANG_WARN_BLOCK_CAPTURE_AUTORELEASING = YES;
				CLANG_WARN_BOOL_CONVERSION = YES;
				CLANG_WARN_COMMA = YES;
				CLANG_WARN_CONSTANT_CONVERSION = YES;
				CLANG_WARN_DEPRECATED_OBJC_IMPLEMENTATIONS = YES;
				CLANG_WARN_DIRECT_OBJC_ISA_USAGE = YES_ERROR;
				CLANG_WARN_EMPTY_BODY = YES;
				CLANG_WARN_ENUM_CONVERSION = YES;
				CLANG_WARN_INFINITE_RECURSION = YES;
				CLANG_WARN_INT_CONVERSION = YES;
				CLANG_WARN_NON_LITERAL_NULL_CONVERSION = YES;
				CLANG_WARN_OBJC_IMPLICIT_RETAIN_SELF = YES;
				CLANG_WARN_OBJC_LITERAL_CONVERSION = YES;
				CLANG_WARN_OBJC_ROOT_CLASS = YES_ERROR;
				CLANG_WARN_QUOTED_INCLUDE_IN_FRAMEWORK_HEADER = YES;
				CLANG_WARN_RANGE_LOOP_ANALYSIS = YES;
				CLANG_WARN_STRICT_PROTOTYPES = YES;
				CLANG_WARN_SUSPICIOUS_MOVE = YES;
				CLANG_WARN_UNREACHABLE_CODE = YES;
				CLANG_WARN__DUPLICATE_METHOD_MATCH = YES;
				"CODE_SIGN_IDENTITY[sdk=iphoneos*]" = "iPhone Developer";
				COPY_PHASE_STRIP = YES;
				ENABLE_NS_ASSERTIONS = NO;
				ENABLE_STRICT_OBJC_MSGSEND = YES;
				"EXCLUDED_ARCHS[sdk=iphonesimulator*]" = "";
				GCC_C_LANGUAGE_STANDARD = gnu99;
				GCC_NO_COMMON_BLOCKS = YES;
				GCC_WARN_64_TO_32_BIT_CONVERSION = YES;
				GCC_WARN_ABOUT_RETURN_TYPE = YES_ERROR;
				GCC_WARN_UNDECLARED_SELECTOR = YES;
				GCC_WARN_UNINITIALIZED_AUTOS = YES_AGGRESSIVE;
				GCC_WARN_UNUSED_FUNCTION = YES;
				GCC_WARN_UNUSED_VARIABLE = YES;
				IPHONEOS_DEPLOYMENT_TARGET = 15.1;
				LD_RUNPATH_SEARCH_PATHS = (
					/usr/lib/swift,
					"$(inherited)",
				);
				LIBRARY_SEARCH_PATHS = (
					"\"$(SDKROOT)/usr/lib/swift\"",
					"\"$(TOOLCHAIN_DIR)/usr/lib/swift/$(PLATFORM_NAME)\"",
					"\"$(inherited)\"",
				);
				MTL_ENABLE_DEBUG_INFO = NO;
				OTHER_CPLUSPLUSFLAGS = (
					"$(OTHER_CFLAGS)",
					"-DFOLLY_NO_CONFIG",
					"-DFOLLY_MOBILE=1",
					"-DFOLLY_USE_LIBCPP=1",
					"-DFOLLY_CFG_NO_COROUTINES=1",
					"-DFOLLY_HAVE_CLOCK_GETTIME=1",
				);
				OTHER_LDFLAGS = (
					"$(inherited)",
					" ",
				);
				REACT_NATIVE_PATH = "${PODS_ROOT}/../../node_modules/react-native";
				SDKROOT = iphoneos;
				USE_HERMES = false;
				VALIDATE_PRODUCT = YES;
			};
			name = Release;
		};
		FE4B9BB82E2F00830080B3DC /* Debug */ = {
			isa = XCBuildConfiguration;
			buildSettings = {
				ASSETCATALOG_COMPILER_APPICON_NAME = AppIcon;
				ASSETCATALOG_COMPILER_GENERATE_SWIFT_ASSET_SYMBOL_EXTENSIONS = YES;
				ASSETCATALOG_COMPILER_GLOBAL_ACCENT_COLOR_NAME = AccentColor;
				CLANG_ANALYZER_NONNULL = YES;
				CLANG_ANALYZER_NUMBER_OBJECT_CONVERSION = YES_AGGRESSIVE;
				CLANG_CXX_LANGUAGE_STANDARD = "gnu++20";
				CLANG_ENABLE_OBJC_WEAK = YES;
				CLANG_WARN_DOCUMENTATION_COMMENTS = YES;
				CLANG_WARN_UNGUARDED_AVAILABILITY = YES_AGGRESSIVE;
				CODE_SIGN_STYLE = Automatic;
				CURRENT_PROJECT_VERSION = 1;
				DEBUG_INFORMATION_FORMAT = dwarf;
				DEVELOPMENT_ASSET_PATHS = "\"IQRA2Watch Extension Watch App/Preview Content\"";
				DEVELOPMENT_TEAM = UYJ823H5DD;
				ENABLE_PREVIEWS = YES;
				ENABLE_USER_SCRIPT_SANDBOXING = YES;
				GCC_C_LANGUAGE_STANDARD = gnu17;
				GENERATE_INFOPLIST_FILE = YES;
				INFOPLIST_KEY_CFBundleDisplayName = "IQRA2Watch Extension";
				INFOPLIST_KEY_UISupportedInterfaceOrientations = "UIInterfaceOrientationPortrait UIInterfaceOrientationPortraitUpsideDown";
				INFOPLIST_KEY_WKCompanionAppBundleIdentifier = org.reactjs.native.example.IQRA2;
				LD_RUNPATH_SEARCH_PATHS = (
					"$(inherited)",
					"@executable_path/Frameworks",
				);
				LOCALIZATION_PREFERS_STRING_CATALOGS = YES;
				MARKETING_VERSION = 1.0;
				MTL_ENABLE_DEBUG_INFO = INCLUDE_SOURCE;
				MTL_FAST_MATH = YES;
				PRODUCT_BUNDLE_IDENTIFIER = org.reactjs.native.example.IQRA2.watchkitapp;
				PRODUCT_NAME = "$(TARGET_NAME)";
				SDKROOT = watchos;
				SKIP_INSTALL = YES;
				SWIFT_ACTIVE_COMPILATION_CONDITIONS = "DEBUG $(inherited)";
				SWIFT_EMIT_LOC_STRINGS = YES;
				SWIFT_OPTIMIZATION_LEVEL = "-Onone";
				SWIFT_VERSION = 5.0;
				TARGETED_DEVICE_FAMILY = 4;
				WATCHOS_DEPLOYMENT_TARGET = 11.2;
			};
			name = Debug;
		};
		FE4B9BB92E2F00830080B3DC /* Release */ = {
			isa = XCBuildConfiguration;
			buildSettings = {
				ASSETCATALOG_COMPILER_APPICON_NAME = AppIcon;
				ASSETCATALOG_COMPILER_GENERATE_SWIFT_ASSET_SYMBOL_EXTENSIONS = YES;
				ASSETCATALOG_COMPILER_GLOBAL_ACCENT_COLOR_NAME = AccentColor;
				CLANG_ANALYZER_NONNULL = YES;
				CLANG_ANALYZER_NUMBER_OBJECT_CONVERSION = YES_AGGRESSIVE;
				CLANG_CXX_LANGUAGE_STANDARD = "gnu++20";
				CLANG_ENABLE_OBJC_WEAK = YES;
				CLANG_WARN_DOCUMENTATION_COMMENTS = YES;
				CLANG_WARN_UNGUARDED_AVAILABILITY = YES_AGGRESSIVE;
				CODE_SIGN_STYLE = Automatic;
				COPY_PHASE_STRIP = NO;
				CURRENT_PROJECT_VERSION = 1;
				DEBUG_INFORMATION_FORMAT = "dwarf-with-dsym";
				DEVELOPMENT_ASSET_PATHS = "\"IQRA2Watch Extension Watch App/Preview Content\"";
				DEVELOPMENT_TEAM = UYJ823H5DD;
				ENABLE_PREVIEWS = YES;
				ENABLE_USER_SCRIPT_SANDBOXING = YES;
				GCC_C_LANGUAGE_STANDARD = gnu17;
				GENERATE_INFOPLIST_FILE = YES;
				INFOPLIST_KEY_CFBundleDisplayName = "IQRA2Watch Extension";
				INFOPLIST_KEY_UISupportedInterfaceOrientations = "UIInterfaceOrientationPortrait UIInterfaceOrientationPortraitUpsideDown";
				INFOPLIST_KEY_WKCompanionAppBundleIdentifier = org.reactjs.native.example.IQRA2;
				LD_RUNPATH_SEARCH_PATHS = (
					"$(inherited)",
					"@executable_path/Frameworks",
				);
				LOCALIZATION_PREFERS_STRING_CATALOGS = YES;
				MARKETING_VERSION = 1.0;
				MTL_FAST_MATH = YES;
				PRODUCT_BUNDLE_IDENTIFIER = org.reactjs.native.example.IQRA2.watchkitapp;
				PRODUCT_NAME = "$(TARGET_NAME)";
				SDKROOT = watchos;
				SKIP_INSTALL = YES;
				SWIFT_COMPILATION_MODE = wholemodule;
				SWIFT_EMIT_LOC_STRINGS = YES;
				SWIFT_VERSION = 5.0;
				TARGETED_DEVICE_FAMILY = 4;
				WATCHOS_DEPLOYMENT_TARGET = 11.2;
			};
			name = Release;
		};
		FE4B9BBA2E2F00830080B3DC /* Debug */ = {
			isa = XCBuildConfiguration;
			buildSettings = {
				ASSETCATALOG_COMPILER_GENERATE_SWIFT_ASSET_SYMBOL_EXTENSIONS = YES;
				BUNDLE_LOADER = "$(TEST_HOST)";
				CLANG_ANALYZER_NONNULL = YES;
				CLANG_ANALYZER_NUMBER_OBJECT_CONVERSION = YES_AGGRESSIVE;
				CLANG_CXX_LANGUAGE_STANDARD = "gnu++20";
				CLANG_ENABLE_OBJC_WEAK = YES;
				CLANG_WARN_DOCUMENTATION_COMMENTS = YES;
				CLANG_WARN_UNGUARDED_AVAILABILITY = YES_AGGRESSIVE;
				CODE_SIGN_STYLE = Automatic;
				CURRENT_PROJECT_VERSION = 1;
				DEBUG_INFORMATION_FORMAT = dwarf;
				DEVELOPMENT_TEAM = UYJ823H5DD;
				ENABLE_USER_SCRIPT_SANDBOXING = YES;
				GCC_C_LANGUAGE_STANDARD = gnu17;
				GENERATE_INFOPLIST_FILE = YES;
				LOCALIZATION_PREFERS_STRING_CATALOGS = YES;
				MARKETING_VERSION = 1.0;
				MTL_ENABLE_DEBUG_INFO = INCLUDE_SOURCE;
				MTL_FAST_MATH = YES;
				PRODUCT_BUNDLE_IDENTIFIER = "Freajah-Productions.IQRA2Watch-Extension-Watch-AppTests";
				PRODUCT_NAME = "$(TARGET_NAME)";
				SDKROOT = watchos;
				SWIFT_ACTIVE_COMPILATION_CONDITIONS = "DEBUG $(inherited)";
				SWIFT_EMIT_LOC_STRINGS = NO;
				SWIFT_OPTIMIZATION_LEVEL = "-Onone";
				SWIFT_VERSION = 5.0;
				TARGETED_DEVICE_FAMILY = 4;
				TEST_HOST = "$(BUILT_PRODUCTS_DIR)/IQRA2Watch Extension Watch App.app/$(BUNDLE_EXECUTABLE_FOLDER_PATH)/IQRA2Watch Extension Watch App";
				WATCHOS_DEPLOYMENT_TARGET = 11.2;
			};
			name = Debug;
		};
		FE4B9BBB2E2F00830080B3DC /* Release */ = {
			isa = XCBuildConfiguration;
			buildSettings = {
				ASSETCATALOG_COMPILER_GENERATE_SWIFT_ASSET_SYMBOL_EXTENSIONS = YES;
				BUNDLE_LOADER = "$(TEST_HOST)";
				CLANG_ANALYZER_NONNULL = YES;
				CLANG_ANALYZER_NUMBER_OBJECT_CONVERSION = YES_AGGRESSIVE;
				CLANG_CXX_LANGUAGE_STANDARD = "gnu++20";
				CLANG_ENABLE_OBJC_WEAK = YES;
				CLANG_WARN_DOCUMENTATION_COMMENTS = YES;
				CLANG_WARN_UNGUARDED_AVAILABILITY = YES_AGGRESSIVE;
				CODE_SIGN_STYLE = Automatic;
				COPY_PHASE_STRIP = NO;
				CURRENT_PROJECT_VERSION = 1;
				DEBUG_INFORMATION_FORMAT = "dwarf-with-dsym";
				DEVELOPMENT_TEAM = UYJ823H5DD;
				ENABLE_USER_SCRIPT_SANDBOXING = YES;
				GCC_C_LANGUAGE_STANDARD = gnu17;
				GENERATE_INFOPLIST_FILE = YES;
				LOCALIZATION_PREFERS_STRING_CATALOGS = YES;
				MARKETING_VERSION = 1.0;
				MTL_FAST_MATH = YES;
				PRODUCT_BUNDLE_IDENTIFIER = "Freajah-Productions.IQRA2Watch-Extension-Watch-AppTests";
				PRODUCT_NAME = "$(TARGET_NAME)";
				SDKROOT = watchos;
				SWIFT_COMPILATION_MODE = wholemodule;
				SWIFT_EMIT_LOC_STRINGS = NO;
				SWIFT_VERSION = 5.0;
				TARGETED_DEVICE_FAMILY = 4;
				TEST_HOST = "$(BUILT_PRODUCTS_DIR)/IQRA2Watch Extension Watch App.app/$(BUNDLE_EXECUTABLE_FOLDER_PATH)/IQRA2Watch Extension Watch App";
				WATCHOS_DEPLOYMENT_TARGET = 11.2;
			};
			name = Release;
		};
		FE4B9BBC2E2F00830080B3DC /* Debug */ = {
			isa = XCBuildConfiguration;
			buildSettings = {
				ASSETCATALOG_COMPILER_GENERATE_SWIFT_ASSET_SYMBOL_EXTENSIONS = YES;
				CLANG_ANALYZER_NONNULL = YES;
				CLANG_ANALYZER_NUMBER_OBJECT_CONVERSION = YES_AGGRESSIVE;
				CLANG_CXX_LANGUAGE_STANDARD = "gnu++20";
				CLANG_ENABLE_OBJC_WEAK = YES;
				CLANG_WARN_DOCUMENTATION_COMMENTS = YES;
				CLANG_WARN_UNGUARDED_AVAILABILITY = YES_AGGRESSIVE;
				CODE_SIGN_STYLE = Automatic;
				CURRENT_PROJECT_VERSION = 1;
				DEBUG_INFORMATION_FORMAT = dwarf;
				DEVELOPMENT_TEAM = UYJ823H5DD;
				ENABLE_USER_SCRIPT_SANDBOXING = YES;
				GCC_C_LANGUAGE_STANDARD = gnu17;
				GENERATE_INFOPLIST_FILE = YES;
				LOCALIZATION_PREFERS_STRING_CATALOGS = YES;
				MARKETING_VERSION = 1.0;
				MTL_ENABLE_DEBUG_INFO = INCLUDE_SOURCE;
				MTL_FAST_MATH = YES;
				PRODUCT_BUNDLE_IDENTIFIER = "Freajah-Productions.IQRA2Watch-Extension-Watch-AppUITests";
				PRODUCT_NAME = "$(TARGET_NAME)";
				SDKROOT = watchos;
				SWIFT_ACTIVE_COMPILATION_CONDITIONS = "DEBUG $(inherited)";
				SWIFT_EMIT_LOC_STRINGS = NO;
				SWIFT_OPTIMIZATION_LEVEL = "-Onone";
				SWIFT_VERSION = 5.0;
				TARGETED_DEVICE_FAMILY = 4;
				TEST_TARGET_NAME = "IQRA2Watch Extension Watch App";
				WATCHOS_DEPLOYMENT_TARGET = 11.2;
			};
			name = Debug;
		};
		FE4B9BBD2E2F00830080B3DC /* Release */ = {
			isa = XCBuildConfiguration;
			buildSettings = {
				ASSETCATALOG_COMPILER_GENERATE_SWIFT_ASSET_SYMBOL_EXTENSIONS = YES;
				CLANG_ANALYZER_NONNULL = YES;
				CLANG_ANALYZER_NUMBER_OBJECT_CONVERSION = YES_AGGRESSIVE;
				CLANG_CXX_LANGUAGE_STANDARD = "gnu++20";
				CLANG_ENABLE_OBJC_WEAK = YES;
				CLANG_WARN_DOCUMENTATION_COMMENTS = YES;
				CLANG_WARN_UNGUARDED_AVAILABILITY = YES_AGGRESSIVE;
				CODE_SIGN_STYLE = Automatic;
				COPY_PHASE_STRIP = NO;
				CURRENT_PROJECT_VERSION = 1;
				DEBUG_INFORMATION_FORMAT = "dwarf-with-dsym";
				DEVELOPMENT_TEAM = UYJ823H5DD;
				ENABLE_USER_SCRIPT_SANDBOXING = YES;
				GCC_C_LANGUAGE_STANDARD = gnu17;
				GENERATE_INFOPLIST_FILE = YES;
				LOCALIZATION_PREFERS_STRING_CATALOGS = YES;
				MARKETING_VERSION = 1.0;
				MTL_FAST_MATH = YES;
				PRODUCT_BUNDLE_IDENTIFIER = "Freajah-Productions.IQRA2Watch-Extension-Watch-AppUITests";
				PRODUCT_NAME = "$(TARGET_NAME)";
				SDKROOT = watchos;
				SWIFT_COMPILATION_MODE = wholemodule;
				SWIFT_EMIT_LOC_STRINGS = NO;
				SWIFT_VERSION = 5.0;
				TARGETED_DEVICE_FAMILY = 4;
				TEST_TARGET_NAME = "IQRA2Watch Extension Watch App";
				WATCHOS_DEPLOYMENT_TARGET = 11.2;
			};
			name = Release;
		};
/* End XCBuildConfiguration section */

/* Begin XCConfigurationList section */
		13B07F931A680F5B00A75B9A /* Build configuration list for PBXNativeTarget "IQRA2" */ = {
			isa = XCConfigurationList;
			buildConfigurations = (
				13B07F941A680F5B00A75B9A /* Debug */,
				13B07F951A680F5B00A75B9A /* Release */,
			);
			defaultConfigurationIsVisible = 0;
			defaultConfigurationName = Release;
		};
		83CBB9FA1A601CBA00E9B192 /* Build configuration list for PBXProject "IQRA2" */ = {
			isa = XCConfigurationList;
			buildConfigurations = (
				83CBBA201A601CBA00E9B192 /* Debug */,
				83CBBA211A601CBA00E9B192 /* Release */,
			);
			defaultConfigurationIsVisible = 0;
			defaultConfigurationName = Release;
		};
		FE4B9BBE2E2F00830080B3DC /* Build configuration list for PBXNativeTarget "IQRA2Watch Extension Watch App" */ = {
			isa = XCConfigurationList;
			buildConfigurations = (
				FE4B9BB82E2F00830080B3DC /* Debug */,
				FE4B9BB92E2F00830080B3DC /* Release */,
			);
			defaultConfigurationIsVisible = 0;
			defaultConfigurationName = Release;
		};
		FE4B9BBF2E2F00830080B3DC /* Build configuration list for PBXNativeTarget "IQRA2Watch Extension Watch AppTests" */ = {
			isa = XCConfigurationList;
			buildConfigurations = (
				FE4B9BBA2E2F00830080B3DC /* Debug */,
				FE4B9BBB2E2F00830080B3DC /* Release */,
			);
			defaultConfigurationIsVisible = 0;
			defaultConfigurationName = Release;
		};
		FE4B9BC02E2F00830080B3DC /* Build configuration list for PBXNativeTarget "IQRA2Watch Extension Watch AppUITests" */ = {
			isa = XCConfigurationList;
			buildConfigurations = (
				FE4B9BBC2E2F00830080B3DC /* Debug */,
				FE4B9BBD2E2F00830080B3DC /* Release */,
			);
			defaultConfigurationIsVisible = 0;
			defaultConfigurationName = Release;
		};
/* End XCConfigurationList section */
	};
	rootObject = 83CBB9F71A601CBA00E9B192 /* Project object */;
}
